
Microsoft Visual Studio Solution File, Format Version 12.00
# Visual Studio Version 17
VisualStudioVersion = 17.9.34714.143
MinimumVisualStudioVersion = 10.0.40219.1
Project("{FAE04EC0-301F-11D3-BF4B-00C04F79EFBC}") = "product-scraper", "product-scraper\product-scraper.csproj", "{971A7DA4-BC15-4D43-8B91-C53544BF4A82}"
EndProject
Global
	GlobalSection(SolutionConfigurationPlatforms) = preSolution
		Debug|Any CPU = Debug|Any CPU
		Release|Any CPU = Release|Any CPU
	EndGlobalSection
	GlobalSection(ProjectConfigurationPlatforms) = postSolution
		{971A7DA4-BC15-4D43-8B91-C53544BF4A82}.Debug|Any CPU.ActiveCfg = Debug|Any CPU
		{971A7DA4-BC15-4D43-8B91-C53544BF4A82}.Debug|Any CPU.Build.0 = Debug|Any CPU
		{971A7DA4-BC15-4D43-8B91-C53544BF4A82}.Release|Any CPU.ActiveCfg = Release|Any CPU
		{971A7DA4-BC15-4D43-8B91-C53544BF4A82}.Release|Any CPU.Build.0 = Release|Any CPU
	EndGlobalSection
	GlobalSection(SolutionProperties) = preSolution
		HideSolutionNode = FALSE
	EndGlobalSection
	GlobalSection(ExtensibilityGlobals) = postSolution
		SolutionGuid = {E8D1B6C9-3313-414F-83CE-08DB74F29615}
	EndGlobalSection
EndGlobal
